
Microsoft Visual Studio Solution File, Format Version 12.00
# Visual Studio Version 17
VisualStudioVersion = 17.4.33213.308
MinimumVisualStudioVersion = 10.0.40219.1
Project("{9A19103F-16F7-4668-BE54-9A1E7A4F7556}") = "ProductService", "ProductApi\ProductService.csproj", "{21720AE9-59D1-46D7-A9A7-F82454C6AEB4}"
EndProject
Project("{FAE04EC0-301F-11D3-BF4B-00C04F79EFBC}") = "ProductWebApp", "ProductWebApp\ProductWebApp.csproj", "{23F1F559-D103-42B8-BF18-8A456D925E10}"
EndProject
Global
	GlobalSection(SolutionConfigurationPlatforms) = preSolution
		Debug|Any CPU = Debug|Any CPU
		Release|Any CPU = Release|Any CPU
	EndGlobalSection
	GlobalSection(ProjectConfigurationPlatforms) = postSolution
		{21720AE9-59D1-46D7-A9A7-F82454C6AEB4}.Debug|Any CPU.ActiveCfg = Debug|Any CPU
		{21720AE9-59D1-46D7-A9A7-F82454C6AEB4}.Debug|Any CPU.Build.0 = Debug|Any CPU
		{21720AE9-59D1-46D7-A9A7-F82454C6AEB4}.Release|Any CPU.ActiveCfg = Release|Any CPU
		{21720AE9-59D1-46D7-A9A7-F82454C6AEB4}.Release|Any CPU.Build.0 = Release|Any CPU
		{23F1F559-D103-42B8-BF18-8A456D925E10}.Debug|Any CPU.ActiveCfg = Debug|Any CPU
		{23F1F559-D103-42B8-BF18-8A456D925E10}.Debug|Any CPU.Build.0 = Debug|Any CPU
		{23F1F559-D103-42B8-BF18-8A456D925E10}.Release|Any CPU.ActiveCfg = Release|Any CPU
		{23F1F559-D103-42B8-BF18-8A456D925E10}.Release|Any CPU.Build.0 = Release|Any CPU
	EndGlobalSection
	GlobalSection(SolutionProperties) = preSolution
		HideSolutionNode = FALSE
	EndGlobalSection
	GlobalSection(ExtensibilityGlobals) = postSolution
		SolutionGuid = {9E0982CB-4FF8-4FA2-9850-3DC55CDD1A75}
	EndGlobalSection
EndGlobal
